
Microsoft Visual Studio Solution File, Format Version 12.00
Project("{FAE04EC0-301F-11D3-BF4B-00C04F79EFBC}") = "Old8Lang", "Old8Lang\Old8Lang.csproj", "{8D3A97E2-5363-4B88-A6A0-C025E55DB084}"
EndProject
Project("{FAE04EC0-301F-11D3-BF4B-00C04F79EFBC}") = "Old8Lang.App", "Old8Lang.App\Old8Lang.App.csproj", "{6AFB2AB1-D68E-4A0D-BB61-251709B44055}"
EndProject
Project("{FAE04EC0-301F-11D3-BF4B-00C04F79EFBC}") = "Old8LangLib", "Old8LangLib\Old8LangLib.csproj", "{35AB1511-07ED-4109-A0C1-36F95B84CC3D}"
EndProject
Project("{FAE04EC0-301F-11D3-BF4B-00C04F79EFBC}") = "LibTest", "LibTest\LibTest.csproj", "{A6F2D98F-7258-4FB7-AFD7-CDDDD1E117E7}"
EndProject
Project("{FAE04EC0-301F-11D3-BF4B-00C04F79EFBC}") = "Old8Lang.Test", "Old8Lang.Test\Old8Lang.Test.csproj", "{19E588D7-8281-4705-9347-599AA459A866}"
EndProject
Global
	GlobalSection(SolutionConfigurationPlatforms) = preSolution
		Debug|Any CPU = Debug|Any CPU
		Release|Any CPU = Release|Any CPU
	EndGlobalSection
	GlobalSection(ProjectConfigurationPlatforms) = postSolution
		{8D3A97E2-5363-4B88-A6A0-C025E55DB084}.Debug|Any CPU.ActiveCfg = Debug|Any CPU
		{8D3A97E2-5363-4B88-A6A0-C025E55DB084}.Debug|Any CPU.Build.0 = Debug|Any CPU
		{8D3A97E2-5363-4B88-A6A0-C025E55DB084}.Release|Any CPU.ActiveCfg = Release|Any CPU
		{8D3A97E2-5363-4B88-A6A0-C025E55DB084}.Release|Any CPU.Build.0 = Release|Any CPU
		{6AFB2AB1-D68E-4A0D-BB61-251709B44055}.Debug|Any CPU.ActiveCfg = Debug|Any CPU
		{6AFB2AB1-D68E-4A0D-BB61-251709B44055}.Debug|Any CPU.Build.0 = Debug|Any CPU
		{6AFB2AB1-D68E-4A0D-BB61-251709B44055}.Release|Any CPU.ActiveCfg = Release|Any CPU
		{6AFB2AB1-D68E-4A0D-BB61-251709B44055}.Release|Any CPU.Build.0 = Release|Any CPU
		{35AB1511-07ED-4109-A0C1-36F95B84CC3D}.Debug|Any CPU.ActiveCfg = Debug|Any CPU
		{35AB1511-07ED-4109-A0C1-36F95B84CC3D}.Debug|Any CPU.Build.0 = Debug|Any CPU
		{35AB1511-07ED-4109-A0C1-36F95B84CC3D}.Release|Any CPU.ActiveCfg = Release|Any CPU
		{35AB1511-07ED-4109-A0C1-36F95B84CC3D}.Release|Any CPU.Build.0 = Release|Any CPU
		{A6F2D98F-7258-4FB7-AFD7-CDDDD1E117E7}.Debug|Any CPU.ActiveCfg = Debug|Any CPU
		{A6F2D98F-7258-4FB7-AFD7-CDDDD1E117E7}.Debug|Any CPU.Build.0 = Debug|Any CPU
		{A6F2D98F-7258-4FB7-AFD7-CDDDD1E117E7}.Release|Any CPU.ActiveCfg = Release|Any CPU
		{A6F2D98F-7258-4FB7-AFD7-CDDDD1E117E7}.Release|Any CPU.Build.0 = Release|Any CPU
		{19E588D7-8281-4705-9347-599AA459A866}.Debug|Any CPU.ActiveCfg = Debug|Any CPU
		{19E588D7-8281-4705-9347-599AA459A866}.Debug|Any CPU.Build.0 = Debug|Any CPU
		{19E588D7-8281-4705-9347-599AA459A866}.Release|Any CPU.ActiveCfg = Release|Any CPU
		{19E588D7-8281-4705-9347-599AA459A866}.Release|Any CPU.Build.0 = Release|Any CPU
	EndGlobalSection
EndGlobal
