
Microsoft Visual Studio Solution File, Format Version 12.00
Project("{FAE04EC0-301F-11D3-BF4B-00C04F79EFBC}") = "Old8Lang", "Old8Lang\Old8Lang.csproj", "{8D3A97E2-5363-4B88-A6A0-C025E55DB084}"
EndProject
Project("{FAE04EC0-301F-11D3-BF4B-00C04F79EFBC}") = "Old8Lang.App", "Old8Lang.App\Old8Lang.App.csproj", "{6AFB2AB1-D68E-4A0D-BB61-251709B44055}"
EndProject
Project("{FAE04EC0-301F-11D3-BF4B-00C04F79EFBC}") = "Old8LangLib", "Old8LangLib\Old8LangLib.csproj", "{35AB1511-07ED-4109-A0C1-36F95B84CC3D}"
EndProject
Project("{FAE04EC0-301F-11D3-BF4B-00C04F79EFBC}") = "Old8Lang.Tests", "Old8Lang.Tests\Old8Lang.Tests.csproj", "{1DEC2AB8-D29B-4551-81BC-142BBB09C294}"
EndProject
Project("{FAE04EC0-301F-11D3-BF4B-00C04F79EFBC}") = "Old8Lang.NetLib", "Old8Lang.NetLib\Old8Lang.NetLib.csproj", "{B5AFABDB-F2C5-4A10-9DAF-A108D4DD14CF}"
EndProject
Project("{FAE04EC0-301F-11D3-BF4B-00C04F79EFBC}") = "Old8Lang.Benchmarks", "Old8Lang.Benchmarks\Old8Lang.Benchmarks.csproj", "{4777BA14-A8AA-42FD-81F0-59321B1EB580}"
EndProject
Project("{FAE04EC0-301F-11D3-BF4B-00C04F79EFBC}") = "Old8Lang.CodeGen", "Old8Lang.CodeGen\Old8Lang.CodeGen.csproj", "{22EA44B7-D159-4FE3-88CA-0FDADBF383F7}"
EndProject
Project("{FAE04EC0-301F-11D3-BF4B-00C04F79EFBC}") = "Old8Lang.SerializationLib", "Old8Lang.SerializationLib\Old8Lang.SerializationLib.csproj", "{D5910E51-60A7-4567-9361-EEC77B10A3F1}"
EndProject
Project("{FAE04EC0-301F-11D3-BF4B-00C04F79EFBC}") = "Old8Lang.MachineLearningLib", "Old8Lang.MachineLearningLib\Old8Lang.MachineLearningLib.csproj", "{AB838FCD-0368-40D0-9FBD-DA2D48A41BF8}"
EndProject
Project("{FAE04EC0-301F-11D3-BF4B-00C04F79EFBC}") = "Old8Lang.LanguageServer", "Old8Lang.LanguageServer\Old8Lang.LanguageServer.csproj", "{73C78A6D-A581-4C72-8C24-BC17126407D3}"
EndProject
Global
	GlobalSection(SolutionConfigurationPlatforms) = preSolution
		Debug|Any CPU = Debug|Any CPU
		Debug|x64 = Debug|x64
		Debug|x86 = Debug|x86
		Release|Any CPU = Release|Any CPU
		Release|x64 = Release|x64
		Release|x86 = Release|x86
	EndGlobalSection
	GlobalSection(ProjectConfigurationPlatforms) = postSolution
		{8D3A97E2-5363-4B88-A6A0-C025E55DB084}.Debug|Any CPU.ActiveCfg = Debug|Any CPU
		{8D3A97E2-5363-4B88-A6A0-C025E55DB084}.Debug|Any CPU.Build.0 = Debug|Any CPU
		{8D3A97E2-5363-4B88-A6A0-C025E55DB084}.Debug|x64.ActiveCfg = Debug|Any CPU
		{8D3A97E2-5363-4B88-A6A0-C025E55DB084}.Debug|x64.Build.0 = Debug|Any CPU
		{8D3A97E2-5363-4B88-A6A0-C025E55DB084}.Debug|x86.ActiveCfg = Debug|Any CPU
		{8D3A97E2-5363-4B88-A6A0-C025E55DB084}.Debug|x86.Build.0 = Debug|Any CPU
		{8D3A97E2-5363-4B88-A6A0-C025E55DB084}.Release|Any CPU.ActiveCfg = Release|Any CPU
		{8D3A97E2-5363-4B88-A6A0-C025E55DB084}.Release|Any CPU.Build.0 = Release|Any CPU
		{8D3A97E2-5363-4B88-A6A0-C025E55DB084}.Release|x64.ActiveCfg = Release|Any CPU
		{8D3A97E2-5363-4B88-A6A0-C025E55DB084}.Release|x64.Build.0 = Release|Any CPU
		{8D3A97E2-5363-4B88-A6A0-C025E55DB084}.Release|x86.ActiveCfg = Release|Any CPU
		{8D3A97E2-5363-4B88-A6A0-C025E55DB084}.Release|x86.Build.0 = Release|Any CPU
		{6AFB2AB1-D68E-4A0D-BB61-251709B44055}.Debug|Any CPU.ActiveCfg = Debug|Any CPU
		{6AFB2AB1-D68E-4A0D-BB61-251709B44055}.Debug|Any CPU.Build.0 = Debug|Any CPU
		{6AFB2AB1-D68E-4A0D-BB61-251709B44055}.Debug|x64.ActiveCfg = Debug|Any CPU
		{6AFB2AB1-D68E-4A0D-BB61-251709B44055}.Debug|x64.Build.0 = Debug|Any CPU
		{6AFB2AB1-D68E-4A0D-BB61-251709B44055}.Debug|x86.ActiveCfg = Debug|Any CPU
		{6AFB2AB1-D68E-4A0D-BB61-251709B44055}.Debug|x86.Build.0 = Debug|Any CPU
		{6AFB2AB1-D68E-4A0D-BB61-251709B44055}.Release|Any CPU.ActiveCfg = Release|Any CPU
		{6AFB2AB1-D68E-4A0D-BB61-251709B44055}.Release|Any CPU.Build.0 = Release|Any CPU
		{6AFB2AB1-D68E-4A0D-BB61-251709B44055}.Release|x64.ActiveCfg = Release|Any CPU
		{6AFB2AB1-D68E-4A0D-BB61-251709B44055}.Release|x64.Build.0 = Release|Any CPU
		{6AFB2AB1-D68E-4A0D-BB61-251709B44055}.Release|x86.ActiveCfg = Release|Any CPU
		{6AFB2AB1-D68E-4A0D-BB61-251709B44055}.Release|x86.Build.0 = Release|Any CPU
		{35AB1511-07ED-4109-A0C1-36F95B84CC3D}.Debug|Any CPU.ActiveCfg = Debug|Any CPU
		{35AB1511-07ED-4109-A0C1-36F95B84CC3D}.Debug|Any CPU.Build.0 = Debug|Any CPU
		{35AB1511-07ED-4109-A0C1-36F95B84CC3D}.Debug|x64.ActiveCfg = Debug|Any CPU
		{35AB1511-07ED-4109-A0C1-36F95B84CC3D}.Debug|x64.Build.0 = Debug|Any CPU
		{35AB1511-07ED-4109-A0C1-36F95B84CC3D}.Debug|x86.ActiveCfg = Debug|Any CPU
		{35AB1511-07ED-4109-A0C1-36F95B84CC3D}.Debug|x86.Build.0 = Debug|Any CPU
		{35AB1511-07ED-4109-A0C1-36F95B84CC3D}.Release|Any CPU.ActiveCfg = Release|Any CPU
		{35AB1511-07ED-4109-A0C1-36F95B84CC3D}.Release|Any CPU.Build.0 = Release|Any CPU
		{35AB1511-07ED-4109-A0C1-36F95B84CC3D}.Release|x64.ActiveCfg = Release|Any CPU
		{35AB1511-07ED-4109-A0C1-36F95B84CC3D}.Release|x64.Build.0 = Release|Any CPU
		{35AB1511-07ED-4109-A0C1-36F95B84CC3D}.Release|x86.ActiveCfg = Release|Any CPU
		{35AB1511-07ED-4109-A0C1-36F95B84CC3D}.Release|x86.Build.0 = Release|Any CPU
		{1DEC2AB8-D29B-4551-81BC-142BBB09C294}.Debug|Any CPU.ActiveCfg = Debug|Any CPU
		{1DEC2AB8-D29B-4551-81BC-142BBB09C294}.Debug|Any CPU.Build.0 = Debug|Any CPU
		{1DEC2AB8-D29B-4551-81BC-142BBB09C294}.Debug|x64.ActiveCfg = Debug|Any CPU
		{1DEC2AB8-D29B-4551-81BC-142BBB09C294}.Debug|x64.Build.0 = Debug|Any CPU
		{1DEC2AB8-D29B-4551-81BC-142BBB09C294}.Debug|x86.ActiveCfg = Debug|Any CPU
		{1DEC2AB8-D29B-4551-81BC-142BBB09C294}.Debug|x86.Build.0 = Debug|Any CPU
		{1DEC2AB8-D29B-4551-81BC-142BBB09C294}.Release|Any CPU.ActiveCfg = Release|Any CPU
		{1DEC2AB8-D29B-4551-81BC-142BBB09C294}.Release|Any CPU.Build.0 = Release|Any CPU
		{1DEC2AB8-D29B-4551-81BC-142BBB09C294}.Release|x64.ActiveCfg = Release|Any CPU
		{1DEC2AB8-D29B-4551-81BC-142BBB09C294}.Release|x64.Build.0 = Release|Any CPU
		{1DEC2AB8-D29B-4551-81BC-142BBB09C294}.Release|x86.ActiveCfg = Release|Any CPU
		{1DEC2AB8-D29B-4551-81BC-142BBB09C294}.Release|x86.Build.0 = Release|Any CPU
		{B5AFABDB-F2C5-4A10-9DAF-A108D4DD14CF}.Debug|Any CPU.ActiveCfg = Debug|Any CPU
		{B5AFABDB-F2C5-4A10-9DAF-A108D4DD14CF}.Debug|Any CPU.Build.0 = Debug|Any CPU
		{B5AFABDB-F2C5-4A10-9DAF-A108D4DD14CF}.Debug|x64.ActiveCfg = Debug|Any CPU
		{B5AFABDB-F2C5-4A10-9DAF-A108D4DD14CF}.Debug|x64.Build.0 = Debug|Any CPU
		{B5AFABDB-F2C5-4A10-9DAF-A108D4DD14CF}.Debug|x86.ActiveCfg = Debug|Any CPU
		{B5AFABDB-F2C5-4A10-9DAF-A108D4DD14CF}.Debug|x86.Build.0 = Debug|Any CPU
		{B5AFABDB-F2C5-4A10-9DAF-A108D4DD14CF}.Release|Any CPU.ActiveCfg = Release|Any CPU
		{B5AFABDB-F2C5-4A10-9DAF-A108D4DD14CF}.Release|Any CPU.Build.0 = Release|Any CPU
		{B5AFABDB-F2C5-4A10-9DAF-A108D4DD14CF}.Release|x64.ActiveCfg = Release|Any CPU
		{B5AFABDB-F2C5-4A10-9DAF-A108D4DD14CF}.Release|x64.Build.0 = Release|Any CPU
		{B5AFABDB-F2C5-4A10-9DAF-A108D4DD14CF}.Release|x86.ActiveCfg = Release|Any CPU
		{B5AFABDB-F2C5-4A10-9DAF-A108D4DD14CF}.Release|x86.Build.0 = Release|Any CPU
		{4777BA14-A8AA-42FD-81F0-59321B1EB580}.Debug|Any CPU.ActiveCfg = Debug|Any CPU
		{4777BA14-A8AA-42FD-81F0-59321B1EB580}.Debug|Any CPU.Build.0 = Debug|Any CPU
		{4777BA14-A8AA-42FD-81F0-59321B1EB580}.Debug|x64.ActiveCfg = Debug|Any CPU
		{4777BA14-A8AA-42FD-81F0-59321B1EB580}.Debug|x64.Build.0 = Debug|Any CPU
		{4777BA14-A8AA-42FD-81F0-59321B1EB580}.Debug|x86.ActiveCfg = Debug|Any CPU
		{4777BA14-A8AA-42FD-81F0-59321B1EB580}.Debug|x86.Build.0 = Debug|Any CPU
		{4777BA14-A8AA-42FD-81F0-59321B1EB580}.Release|Any CPU.ActiveCfg = Release|Any CPU
		{4777BA14-A8AA-42FD-81F0-59321B1EB580}.Release|Any CPU.Build.0 = Release|Any CPU
		{4777BA14-A8AA-42FD-81F0-59321B1EB580}.Release|x64.ActiveCfg = Release|Any CPU
		{4777BA14-A8AA-42FD-81F0-59321B1EB580}.Release|x64.Build.0 = Release|Any CPU
		{4777BA14-A8AA-42FD-81F0-59321B1EB580}.Release|x86.ActiveCfg = Release|Any CPU
		{4777BA14-A8AA-42FD-81F0-59321B1EB580}.Release|x86.Build.0 = Release|Any CPU
		{22EA44B7-D159-4FE3-88CA-0FDADBF383F7}.Debug|Any CPU.ActiveCfg = Debug|Any CPU
		{22EA44B7-D159-4FE3-88CA-0FDADBF383F7}.Debug|Any CPU.Build.0 = Debug|Any CPU
		{22EA44B7-D159-4FE3-88CA-0FDADBF383F7}.Debug|x64.ActiveCfg = Debug|Any CPU
		{22EA44B7-D159-4FE3-88CA-0FDADBF383F7}.Debug|x64.Build.0 = Debug|Any CPU
		{22EA44B7-D159-4FE3-88CA-0FDADBF383F7}.Debug|x86.ActiveCfg = Debug|Any CPU
		{22EA44B7-D159-4FE3-88CA-0FDADBF383F7}.Debug|x86.Build.0 = Debug|Any CPU
		{22EA44B7-D159-4FE3-88CA-0FDADBF383F7}.Release|Any CPU.ActiveCfg = Release|Any CPU
		{22EA44B7-D159-4FE3-88CA-0FDADBF383F7}.Release|Any CPU.Build.0 = Release|Any CPU
		{22EA44B7-D159-4FE3-88CA-0FDADBF383F7}.Release|x64.ActiveCfg = Release|Any CPU
		{22EA44B7-D159-4FE3-88CA-0FDADBF383F7}.Release|x64.Build.0 = Release|Any CPU
		{22EA44B7-D159-4FE3-88CA-0FDADBF383F7}.Release|x86.ActiveCfg = Release|Any CPU
		{22EA44B7-D159-4FE3-88CA-0FDADBF383F7}.Release|x86.Build.0 = Release|Any CPU
		{D5910E51-60A7-4567-9361-EEC77B10A3F1}.Debug|Any CPU.ActiveCfg = Debug|Any CPU
		{D5910E51-60A7-4567-9361-EEC77B10A3F1}.Debug|Any CPU.Build.0 = Debug|Any CPU
		{D5910E51-60A7-4567-9361-EEC77B10A3F1}.Debug|x64.ActiveCfg = Debug|Any CPU
		{D5910E51-60A7-4567-9361-EEC77B10A3F1}.Debug|x64.Build.0 = Debug|Any CPU
		{D5910E51-60A7-4567-9361-EEC77B10A3F1}.Debug|x86.ActiveCfg = Debug|Any CPU
		{D5910E51-60A7-4567-9361-EEC77B10A3F1}.Debug|x86.Build.0 = Debug|Any CPU
		{D5910E51-60A7-4567-9361-EEC77B10A3F1}.Release|Any CPU.ActiveCfg = Release|Any CPU
		{D5910E51-60A7-4567-9361-EEC77B10A3F1}.Release|Any CPU.Build.0 = Release|Any CPU
		{D5910E51-60A7-4567-9361-EEC77B10A3F1}.Release|x64.ActiveCfg = Release|Any CPU
		{D5910E51-60A7-4567-9361-EEC77B10A3F1}.Release|x64.Build.0 = Release|Any CPU
		{D5910E51-60A7-4567-9361-EEC77B10A3F1}.Release|x86.ActiveCfg = Release|Any CPU
		{D5910E51-60A7-4567-9361-EEC77B10A3F1}.Release|x86.Build.0 = Release|Any CPU
		{AB838FCD-0368-40D0-9FBD-DA2D48A41BF8}.Debug|Any CPU.ActiveCfg = Debug|Any CPU
		{AB838FCD-0368-40D0-9FBD-DA2D48A41BF8}.Debug|Any CPU.Build.0 = Debug|Any CPU
		{AB838FCD-0368-40D0-9FBD-DA2D48A41BF8}.Debug|x64.ActiveCfg = Debug|Any CPU
		{AB838FCD-0368-40D0-9FBD-DA2D48A41BF8}.Debug|x64.Build.0 = Debug|Any CPU
		{AB838FCD-0368-40D0-9FBD-DA2D48A41BF8}.Debug|x86.ActiveCfg = Debug|Any CPU
		{AB838FCD-0368-40D0-9FBD-DA2D48A41BF8}.Debug|x86.Build.0 = Debug|Any CPU
		{AB838FCD-0368-40D0-9FBD-DA2D48A41BF8}.Release|Any CPU.ActiveCfg = Release|Any CPU
		{AB838FCD-0368-40D0-9FBD-DA2D48A41BF8}.Release|Any CPU.Build.0 = Release|Any CPU
		{AB838FCD-0368-40D0-9FBD-DA2D48A41BF8}.Release|x64.ActiveCfg = Release|Any CPU
		{AB838FCD-0368-40D0-9FBD-DA2D48A41BF8}.Release|x64.Build.0 = Release|Any CPU
		{AB838FCD-0368-40D0-9FBD-DA2D48A41BF8}.Release|x86.ActiveCfg = Release|Any CPU
		{AB838FCD-0368-40D0-9FBD-DA2D48A41BF8}.Release|x86.Build.0 = Release|Any CPU
		{73C78A6D-A581-4C72-8C24-BC17126407D3}.Debug|Any CPU.ActiveCfg = Debug|Any CPU
		{73C78A6D-A581-4C72-8C24-BC17126407D3}.Debug|Any CPU.Build.0 = Debug|Any CPU
		{73C78A6D-A581-4C72-8C24-BC17126407D3}.Debug|x64.ActiveCfg = Debug|Any CPU
		{73C78A6D-A581-4C72-8C24-BC17126407D3}.Debug|x64.Build.0 = Debug|Any CPU
		{73C78A6D-A581-4C72-8C24-BC17126407D3}.Debug|x86.ActiveCfg = Debug|Any CPU
		{73C78A6D-A581-4C72-8C24-BC17126407D3}.Debug|x86.Build.0 = Debug|Any CPU
		{73C78A6D-A581-4C72-8C24-BC17126407D3}.Release|Any CPU.ActiveCfg = Release|Any CPU
		{73C78A6D-A581-4C72-8C24-BC17126407D3}.Release|Any CPU.Build.0 = Release|Any CPU
		{73C78A6D-A581-4C72-8C24-BC17126407D3}.Release|x64.ActiveCfg = Release|Any CPU
		{73C78A6D-A581-4C72-8C24-BC17126407D3}.Release|x64.Build.0 = Release|Any CPU
		{73C78A6D-A581-4C72-8C24-BC17126407D3}.Release|x86.ActiveCfg = Release|Any CPU
		{73C78A6D-A581-4C72-8C24-BC17126407D3}.Release|x86.Build.0 = Release|Any CPU
	EndGlobalSection
	GlobalSection(SolutionProperties) = preSolution
		HideSolutionNode = FALSE
	EndGlobalSection
EndGlobal
